
Microsoft Visual Studio Solution File, Format Version 12.00
# Visual Studio Version 17
VisualStudioVersion = 17.6.33712.159
MinimumVisualStudioVersion = 10.0.40219.1
Project("{9A19103F-16F7-4668-BE54-9A1E7A4F7556}") = "GraphicTest", "GraphicTest\GraphicTest.csproj", "{ED6666A2-0D68-4B18-876B-BB9ED1CB1C1B}"
EndProject
Project("{9A19103F-16F7-4668-BE54-9A1E7A4F7556}") = "ConstantBuffer", "ConstantBuffer\ConstantBuffer.csproj", "{60465797-5883-4B06-9665-8BDB505329E6}"
EndProject
Project("{9A19103F-16F7-4668-BE54-9A1E7A4F7556}") = "GraphicLibrary", "GraphicLibrary\GraphicLibrary.csproj", "{931ABBF7-ED9C-418E-9E78-37F9A88133FF}"
EndProject
Project("{9A19103F-16F7-4668-BE54-9A1E7A4F7556}") = "DrawIndexedInstance", "DrawIndexedInstance\DrawIndexedInstance.csproj", "{12699A0E-E165-4C92-8AF4-1E54EE4FA356}"
EndProject
Project("{9A19103F-16F7-4668-BE54-9A1E7A4F7556}") = "ComputeMatrix", "ComputeMatrix\ComputeMatrix.csproj", "{ACFC27D4-9199-4538-AF6F-69A49261FA81}"
EndProject
Project("{9A19103F-16F7-4668-BE54-9A1E7A4F7556}") = "Texture", "Texture\Texture.csproj", "{99603339-9041-4B89-80D7-D6BE8DA6B9D8}"
EndProject
Project("{9A19103F-16F7-4668-BE54-9A1E7A4F7556}") = "ReplaceHeap", "ReplaceHeap\ReplaceHeap.csproj", "{4E26FFD4-33F7-4B1F-93CD-44E8112CA37C}"
EndProject
Project("{9A19103F-16F7-4668-BE54-9A1E7A4F7556}") = "Constant", "Constant\Constant.csproj", "{7D6950D3-D45A-4EC1-BB30-8E5D848D0053}"
EndProject
Project("{9A19103F-16F7-4668-BE54-9A1E7A4F7556}") = "WriteText", "WriteText\WriteText.csproj", "{DE9148DD-EEE7-4526-A887-B0B5C31835D7}"
EndProject
Project("{9A19103F-16F7-4668-BE54-9A1E7A4F7556}") = "DepthBuffer", "DepthBuffer\DepthBuffer.csproj", "{15D2381B-A9F9-4E80-B91D-8ADC50B8AEF3}"
EndProject
Project("{9A19103F-16F7-4668-BE54-9A1E7A4F7556}") = "ResourceManagement", "ResourceManagement\ResourceManagement.csproj", "{788BA949-E851-4F88-BEDC-322BBEDACE98}"
EndProject
Project("{9A19103F-16F7-4668-BE54-9A1E7A4F7556}") = "CreateSphere", "CreateSphere\CreateSphere.csproj", "{9B3784F2-9585-41AD-BB0F-8D9CE352619D}"
EndProject
Project("{9A19103F-16F7-4668-BE54-9A1E7A4F7556}") = "MathTest", "MathTest\MathTest.csproj", "{AC6BBB5B-B651-45A3-B176-9B151FF58114}"
EndProject
Project("{2150E333-8FDC-42A3-9474-1A3956D46DE8}") = "Documents", "Documents", "{2D580CD5-40B0-4999-A7E8-2F48F4B77AB3}"
	ProjectSection(SolutionItems) = preProject
		Design.txt = Design.txt
		Record.txt = Record.txt
		Temp.txt = Temp.txt
	EndProjectSection
EndProject
Project("{FAE04EC0-301F-11D3-BF4B-00C04F79EFBC}") = "GraphicLibrary2", "GraphicLibrary2\GraphicLibrary2.csproj", "{591E6DB8-E815-42C4-ACF7-C8E734ADBFFA}"
EndProject
Global
	GlobalSection(SolutionConfigurationPlatforms) = preSolution
		Debug|Any CPU = Debug|Any CPU
		Debug|x64 = Debug|x64
		Debug|x86 = Debug|x86
		Release|Any CPU = Release|Any CPU
		Release|x64 = Release|x64
		Release|x86 = Release|x86
	EndGlobalSection
	GlobalSection(ProjectConfigurationPlatforms) = postSolution
		{ED6666A2-0D68-4B18-876B-BB9ED1CB1C1B}.Debug|Any CPU.ActiveCfg = Debug|Any CPU
		{ED6666A2-0D68-4B18-876B-BB9ED1CB1C1B}.Debug|Any CPU.Build.0 = Debug|Any CPU
		{ED6666A2-0D68-4B18-876B-BB9ED1CB1C1B}.Debug|x64.ActiveCfg = Debug|Any CPU
		{ED6666A2-0D68-4B18-876B-BB9ED1CB1C1B}.Debug|x64.Build.0 = Debug|Any CPU
		{ED6666A2-0D68-4B18-876B-BB9ED1CB1C1B}.Debug|x86.ActiveCfg = Debug|Any CPU
		{ED6666A2-0D68-4B18-876B-BB9ED1CB1C1B}.Debug|x86.Build.0 = Debug|Any CPU
		{ED6666A2-0D68-4B18-876B-BB9ED1CB1C1B}.Release|Any CPU.ActiveCfg = Release|Any CPU
		{ED6666A2-0D68-4B18-876B-BB9ED1CB1C1B}.Release|Any CPU.Build.0 = Release|Any CPU
		{ED6666A2-0D68-4B18-876B-BB9ED1CB1C1B}.Release|x64.ActiveCfg = Release|Any CPU
		{ED6666A2-0D68-4B18-876B-BB9ED1CB1C1B}.Release|x64.Build.0 = Release|Any CPU
		{ED6666A2-0D68-4B18-876B-BB9ED1CB1C1B}.Release|x86.ActiveCfg = Release|Any CPU
		{ED6666A2-0D68-4B18-876B-BB9ED1CB1C1B}.Release|x86.Build.0 = Release|Any CPU
		{60465797-5883-4B06-9665-8BDB505329E6}.Debug|Any CPU.ActiveCfg = Debug|Any CPU
		{60465797-5883-4B06-9665-8BDB505329E6}.Debug|Any CPU.Build.0 = Debug|Any CPU
		{60465797-5883-4B06-9665-8BDB505329E6}.Debug|x64.ActiveCfg = Debug|Any CPU
		{60465797-5883-4B06-9665-8BDB505329E6}.Debug|x64.Build.0 = Debug|Any CPU
		{60465797-5883-4B06-9665-8BDB505329E6}.Debug|x86.ActiveCfg = Debug|Any CPU
		{60465797-5883-4B06-9665-8BDB505329E6}.Debug|x86.Build.0 = Debug|Any CPU
		{60465797-5883-4B06-9665-8BDB505329E6}.Release|Any CPU.ActiveCfg = Release|Any CPU
		{60465797-5883-4B06-9665-8BDB505329E6}.Release|Any CPU.Build.0 = Release|Any CPU
		{60465797-5883-4B06-9665-8BDB505329E6}.Release|x64.ActiveCfg = Release|Any CPU
		{60465797-5883-4B06-9665-8BDB505329E6}.Release|x64.Build.0 = Release|Any CPU
		{60465797-5883-4B06-9665-8BDB505329E6}.Release|x86.ActiveCfg = Release|Any CPU
		{60465797-5883-4B06-9665-8BDB505329E6}.Release|x86.Build.0 = Release|Any CPU
		{931ABBF7-ED9C-418E-9E78-37F9A88133FF}.Debug|Any CPU.ActiveCfg = Debug|Any CPU
		{931ABBF7-ED9C-418E-9E78-37F9A88133FF}.Debug|Any CPU.Build.0 = Debug|Any CPU
		{931ABBF7-ED9C-418E-9E78-37F9A88133FF}.Debug|x64.ActiveCfg = Debug|Any CPU
		{931ABBF7-ED9C-418E-9E78-37F9A88133FF}.Debug|x64.Build.0 = Debug|Any CPU
		{931ABBF7-ED9C-418E-9E78-37F9A88133FF}.Debug|x86.ActiveCfg = Debug|Any CPU
		{931ABBF7-ED9C-418E-9E78-37F9A88133FF}.Debug|x86.Build.0 = Debug|Any CPU
		{931ABBF7-ED9C-418E-9E78-37F9A88133FF}.Release|Any CPU.ActiveCfg = Release|Any CPU
		{931ABBF7-ED9C-418E-9E78-37F9A88133FF}.Release|Any CPU.Build.0 = Release|Any CPU
		{931ABBF7-ED9C-418E-9E78-37F9A88133FF}.Release|x64.ActiveCfg = Release|Any CPU
		{931ABBF7-ED9C-418E-9E78-37F9A88133FF}.Release|x64.Build.0 = Release|Any CPU
		{931ABBF7-ED9C-418E-9E78-37F9A88133FF}.Release|x86.ActiveCfg = Release|Any CPU
		{931ABBF7-ED9C-418E-9E78-37F9A88133FF}.Release|x86.Build.0 = Release|Any CPU
		{12699A0E-E165-4C92-8AF4-1E54EE4FA356}.Debug|Any CPU.ActiveCfg = Debug|Any CPU
		{12699A0E-E165-4C92-8AF4-1E54EE4FA356}.Debug|Any CPU.Build.0 = Debug|Any CPU
		{12699A0E-E165-4C92-8AF4-1E54EE4FA356}.Debug|x64.ActiveCfg = Debug|Any CPU
		{12699A0E-E165-4C92-8AF4-1E54EE4FA356}.Debug|x64.Build.0 = Debug|Any CPU
		{12699A0E-E165-4C92-8AF4-1E54EE4FA356}.Debug|x86.ActiveCfg = Debug|Any CPU
		{12699A0E-E165-4C92-8AF4-1E54EE4FA356}.Debug|x86.Build.0 = Debug|Any CPU
		{12699A0E-E165-4C92-8AF4-1E54EE4FA356}.Release|Any CPU.ActiveCfg = Release|Any CPU
		{12699A0E-E165-4C92-8AF4-1E54EE4FA356}.Release|Any CPU.Build.0 = Release|Any CPU
		{12699A0E-E165-4C92-8AF4-1E54EE4FA356}.Release|x64.ActiveCfg = Release|Any CPU
		{12699A0E-E165-4C92-8AF4-1E54EE4FA356}.Release|x64.Build.0 = Release|Any CPU
		{12699A0E-E165-4C92-8AF4-1E54EE4FA356}.Release|x86.ActiveCfg = Release|Any CPU
		{12699A0E-E165-4C92-8AF4-1E54EE4FA356}.Release|x86.Build.0 = Release|Any CPU
		{ACFC27D4-9199-4538-AF6F-69A49261FA81}.Debug|Any CPU.ActiveCfg = Debug|Any CPU
		{ACFC27D4-9199-4538-AF6F-69A49261FA81}.Debug|Any CPU.Build.0 = Debug|Any CPU
		{ACFC27D4-9199-4538-AF6F-69A49261FA81}.Debug|x64.ActiveCfg = Debug|Any CPU
		{ACFC27D4-9199-4538-AF6F-69A49261FA81}.Debug|x64.Build.0 = Debug|Any CPU
		{ACFC27D4-9199-4538-AF6F-69A49261FA81}.Debug|x86.ActiveCfg = Debug|Any CPU
		{ACFC27D4-9199-4538-AF6F-69A49261FA81}.Debug|x86.Build.0 = Debug|Any CPU
		{ACFC27D4-9199-4538-AF6F-69A49261FA81}.Release|Any CPU.ActiveCfg = Release|Any CPU
		{ACFC27D4-9199-4538-AF6F-69A49261FA81}.Release|Any CPU.Build.0 = Release|Any CPU
		{ACFC27D4-9199-4538-AF6F-69A49261FA81}.Release|x64.ActiveCfg = Release|Any CPU
		{ACFC27D4-9199-4538-AF6F-69A49261FA81}.Release|x64.Build.0 = Release|Any CPU
		{ACFC27D4-9199-4538-AF6F-69A49261FA81}.Release|x86.ActiveCfg = Release|Any CPU
		{ACFC27D4-9199-4538-AF6F-69A49261FA81}.Release|x86.Build.0 = Release|Any CPU
		{99603339-9041-4B89-80D7-D6BE8DA6B9D8}.Debug|Any CPU.ActiveCfg = Debug|Any CPU
		{99603339-9041-4B89-80D7-D6BE8DA6B9D8}.Debug|Any CPU.Build.0 = Debug|Any CPU
		{99603339-9041-4B89-80D7-D6BE8DA6B9D8}.Debug|x64.ActiveCfg = Debug|Any CPU
		{99603339-9041-4B89-80D7-D6BE8DA6B9D8}.Debug|x64.Build.0 = Debug|Any CPU
		{99603339-9041-4B89-80D7-D6BE8DA6B9D8}.Debug|x86.ActiveCfg = Debug|Any CPU
		{99603339-9041-4B89-80D7-D6BE8DA6B9D8}.Debug|x86.Build.0 = Debug|Any CPU
		{99603339-9041-4B89-80D7-D6BE8DA6B9D8}.Release|Any CPU.ActiveCfg = Release|Any CPU
		{99603339-9041-4B89-80D7-D6BE8DA6B9D8}.Release|Any CPU.Build.0 = Release|Any CPU
		{99603339-9041-4B89-80D7-D6BE8DA6B9D8}.Release|x64.ActiveCfg = Release|Any CPU
		{99603339-9041-4B89-80D7-D6BE8DA6B9D8}.Release|x64.Build.0 = Release|Any CPU
		{99603339-9041-4B89-80D7-D6BE8DA6B9D8}.Release|x86.ActiveCfg = Release|Any CPU
		{99603339-9041-4B89-80D7-D6BE8DA6B9D8}.Release|x86.Build.0 = Release|Any CPU
		{4E26FFD4-33F7-4B1F-93CD-44E8112CA37C}.Debug|Any CPU.ActiveCfg = Debug|Any CPU
		{4E26FFD4-33F7-4B1F-93CD-44E8112CA37C}.Debug|Any CPU.Build.0 = Debug|Any CPU
		{4E26FFD4-33F7-4B1F-93CD-44E8112CA37C}.Debug|x64.ActiveCfg = Debug|Any CPU
		{4E26FFD4-33F7-4B1F-93CD-44E8112CA37C}.Debug|x64.Build.0 = Debug|Any CPU
		{4E26FFD4-33F7-4B1F-93CD-44E8112CA37C}.Debug|x86.ActiveCfg = Debug|Any CPU
		{4E26FFD4-33F7-4B1F-93CD-44E8112CA37C}.Debug|x86.Build.0 = Debug|Any CPU
		{4E26FFD4-33F7-4B1F-93CD-44E8112CA37C}.Release|Any CPU.ActiveCfg = Release|Any CPU
		{4E26FFD4-33F7-4B1F-93CD-44E8112CA37C}.Release|Any CPU.Build.0 = Release|Any CPU
		{4E26FFD4-33F7-4B1F-93CD-44E8112CA37C}.Release|x64.ActiveCfg = Release|Any CPU
		{4E26FFD4-33F7-4B1F-93CD-44E8112CA37C}.Release|x64.Build.0 = Release|Any CPU
		{4E26FFD4-33F7-4B1F-93CD-44E8112CA37C}.Release|x86.ActiveCfg = Release|Any CPU
		{4E26FFD4-33F7-4B1F-93CD-44E8112CA37C}.Release|x86.Build.0 = Release|Any CPU
		{7D6950D3-D45A-4EC1-BB30-8E5D848D0053}.Debug|Any CPU.ActiveCfg = Debug|Any CPU
		{7D6950D3-D45A-4EC1-BB30-8E5D848D0053}.Debug|Any CPU.Build.0 = Debug|Any CPU
		{7D6950D3-D45A-4EC1-BB30-8E5D848D0053}.Debug|x64.ActiveCfg = Debug|Any CPU
		{7D6950D3-D45A-4EC1-BB30-8E5D848D0053}.Debug|x64.Build.0 = Debug|Any CPU
		{7D6950D3-D45A-4EC1-BB30-8E5D848D0053}.Debug|x86.ActiveCfg = Debug|Any CPU
		{7D6950D3-D45A-4EC1-BB30-8E5D848D0053}.Debug|x86.Build.0 = Debug|Any CPU
		{7D6950D3-D45A-4EC1-BB30-8E5D848D0053}.Release|Any CPU.ActiveCfg = Release|Any CPU
		{7D6950D3-D45A-4EC1-BB30-8E5D848D0053}.Release|Any CPU.Build.0 = Release|Any CPU
		{7D6950D3-D45A-4EC1-BB30-8E5D848D0053}.Release|x64.ActiveCfg = Release|Any CPU
		{7D6950D3-D45A-4EC1-BB30-8E5D848D0053}.Release|x64.Build.0 = Release|Any CPU
		{7D6950D3-D45A-4EC1-BB30-8E5D848D0053}.Release|x86.ActiveCfg = Release|Any CPU
		{7D6950D3-D45A-4EC1-BB30-8E5D848D0053}.Release|x86.Build.0 = Release|Any CPU
		{DE9148DD-EEE7-4526-A887-B0B5C31835D7}.Debug|Any CPU.ActiveCfg = Debug|Any CPU
		{DE9148DD-EEE7-4526-A887-B0B5C31835D7}.Debug|Any CPU.Build.0 = Debug|Any CPU
		{DE9148DD-EEE7-4526-A887-B0B5C31835D7}.Debug|x64.ActiveCfg = Debug|Any CPU
		{DE9148DD-EEE7-4526-A887-B0B5C31835D7}.Debug|x64.Build.0 = Debug|Any CPU
		{DE9148DD-EEE7-4526-A887-B0B5C31835D7}.Debug|x86.ActiveCfg = Debug|Any CPU
		{DE9148DD-EEE7-4526-A887-B0B5C31835D7}.Debug|x86.Build.0 = Debug|Any CPU
		{DE9148DD-EEE7-4526-A887-B0B5C31835D7}.Release|Any CPU.ActiveCfg = Release|Any CPU
		{DE9148DD-EEE7-4526-A887-B0B5C31835D7}.Release|Any CPU.Build.0 = Release|Any CPU
		{DE9148DD-EEE7-4526-A887-B0B5C31835D7}.Release|x64.ActiveCfg = Release|Any CPU
		{DE9148DD-EEE7-4526-A887-B0B5C31835D7}.Release|x64.Build.0 = Release|Any CPU
		{DE9148DD-EEE7-4526-A887-B0B5C31835D7}.Release|x86.ActiveCfg = Release|Any CPU
		{DE9148DD-EEE7-4526-A887-B0B5C31835D7}.Release|x86.Build.0 = Release|Any CPU
		{15D2381B-A9F9-4E80-B91D-8ADC50B8AEF3}.Debug|Any CPU.ActiveCfg = Debug|Any CPU
		{15D2381B-A9F9-4E80-B91D-8ADC50B8AEF3}.Debug|Any CPU.Build.0 = Debug|Any CPU
		{15D2381B-A9F9-4E80-B91D-8ADC50B8AEF3}.Debug|x64.ActiveCfg = Debug|Any CPU
		{15D2381B-A9F9-4E80-B91D-8ADC50B8AEF3}.Debug|x64.Build.0 = Debug|Any CPU
		{15D2381B-A9F9-4E80-B91D-8ADC50B8AEF3}.Debug|x86.ActiveCfg = Debug|Any CPU
		{15D2381B-A9F9-4E80-B91D-8ADC50B8AEF3}.Debug|x86.Build.0 = Debug|Any CPU
		{15D2381B-A9F9-4E80-B91D-8ADC50B8AEF3}.Release|Any CPU.ActiveCfg = Release|Any CPU
		{15D2381B-A9F9-4E80-B91D-8ADC50B8AEF3}.Release|Any CPU.Build.0 = Release|Any CPU
		{15D2381B-A9F9-4E80-B91D-8ADC50B8AEF3}.Release|x64.ActiveCfg = Release|Any CPU
		{15D2381B-A9F9-4E80-B91D-8ADC50B8AEF3}.Release|x64.Build.0 = Release|Any CPU
		{15D2381B-A9F9-4E80-B91D-8ADC50B8AEF3}.Release|x86.ActiveCfg = Release|Any CPU
		{15D2381B-A9F9-4E80-B91D-8ADC50B8AEF3}.Release|x86.Build.0 = Release|Any CPU
		{788BA949-E851-4F88-BEDC-322BBEDACE98}.Debug|Any CPU.ActiveCfg = Debug|Any CPU
		{788BA949-E851-4F88-BEDC-322BBEDACE98}.Debug|Any CPU.Build.0 = Debug|Any CPU
		{788BA949-E851-4F88-BEDC-322BBEDACE98}.Debug|x64.ActiveCfg = Debug|Any CPU
		{788BA949-E851-4F88-BEDC-322BBEDACE98}.Debug|x64.Build.0 = Debug|Any CPU
		{788BA949-E851-4F88-BEDC-322BBEDACE98}.Debug|x86.ActiveCfg = Debug|Any CPU
		{788BA949-E851-4F88-BEDC-322BBEDACE98}.Debug|x86.Build.0 = Debug|Any CPU
		{788BA949-E851-4F88-BEDC-322BBEDACE98}.Release|Any CPU.ActiveCfg = Release|Any CPU
		{788BA949-E851-4F88-BEDC-322BBEDACE98}.Release|Any CPU.Build.0 = Release|Any CPU
		{788BA949-E851-4F88-BEDC-322BBEDACE98}.Release|x64.ActiveCfg = Release|Any CPU
		{788BA949-E851-4F88-BEDC-322BBEDACE98}.Release|x64.Build.0 = Release|Any CPU
		{788BA949-E851-4F88-BEDC-322BBEDACE98}.Release|x86.ActiveCfg = Release|Any CPU
		{788BA949-E851-4F88-BEDC-322BBEDACE98}.Release|x86.Build.0 = Release|Any CPU
		{9B3784F2-9585-41AD-BB0F-8D9CE352619D}.Debug|Any CPU.ActiveCfg = Debug|Any CPU
		{9B3784F2-9585-41AD-BB0F-8D9CE352619D}.Debug|Any CPU.Build.0 = Debug|Any CPU
		{9B3784F2-9585-41AD-BB0F-8D9CE352619D}.Debug|x64.ActiveCfg = Debug|Any CPU
		{9B3784F2-9585-41AD-BB0F-8D9CE352619D}.Debug|x64.Build.0 = Debug|Any CPU
		{9B3784F2-9585-41AD-BB0F-8D9CE352619D}.Debug|x86.ActiveCfg = Debug|Any CPU
		{9B3784F2-9585-41AD-BB0F-8D9CE352619D}.Debug|x86.Build.0 = Debug|Any CPU
		{9B3784F2-9585-41AD-BB0F-8D9CE352619D}.Release|Any CPU.ActiveCfg = Release|Any CPU
		{9B3784F2-9585-41AD-BB0F-8D9CE352619D}.Release|Any CPU.Build.0 = Release|Any CPU
		{9B3784F2-9585-41AD-BB0F-8D9CE352619D}.Release|x64.ActiveCfg = Release|Any CPU
		{9B3784F2-9585-41AD-BB0F-8D9CE352619D}.Release|x64.Build.0 = Release|Any CPU
		{9B3784F2-9585-41AD-BB0F-8D9CE352619D}.Release|x86.ActiveCfg = Release|Any CPU
		{9B3784F2-9585-41AD-BB0F-8D9CE352619D}.Release|x86.Build.0 = Release|Any CPU
		{AC6BBB5B-B651-45A3-B176-9B151FF58114}.Debug|Any CPU.ActiveCfg = Debug|Any CPU
		{AC6BBB5B-B651-45A3-B176-9B151FF58114}.Debug|Any CPU.Build.0 = Debug|Any CPU
		{AC6BBB5B-B651-45A3-B176-9B151FF58114}.Debug|x64.ActiveCfg = Debug|Any CPU
		{AC6BBB5B-B651-45A3-B176-9B151FF58114}.Debug|x64.Build.0 = Debug|Any CPU
		{AC6BBB5B-B651-45A3-B176-9B151FF58114}.Debug|x86.ActiveCfg = Debug|Any CPU
		{AC6BBB5B-B651-45A3-B176-9B151FF58114}.Debug|x86.Build.0 = Debug|Any CPU
		{AC6BBB5B-B651-45A3-B176-9B151FF58114}.Release|Any CPU.ActiveCfg = Release|Any CPU
		{AC6BBB5B-B651-45A3-B176-9B151FF58114}.Release|Any CPU.Build.0 = Release|Any CPU
		{AC6BBB5B-B651-45A3-B176-9B151FF58114}.Release|x64.ActiveCfg = Release|Any CPU
		{AC6BBB5B-B651-45A3-B176-9B151FF58114}.Release|x64.Build.0 = Release|Any CPU
		{AC6BBB5B-B651-45A3-B176-9B151FF58114}.Release|x86.ActiveCfg = Release|Any CPU
		{AC6BBB5B-B651-45A3-B176-9B151FF58114}.Release|x86.Build.0 = Release|Any CPU
		{591E6DB8-E815-42C4-ACF7-C8E734ADBFFA}.Debug|Any CPU.ActiveCfg = Debug|Any CPU
		{591E6DB8-E815-42C4-ACF7-C8E734ADBFFA}.Debug|Any CPU.Build.0 = Debug|Any CPU
		{591E6DB8-E815-42C4-ACF7-C8E734ADBFFA}.Debug|x64.ActiveCfg = Debug|Any CPU
		{591E6DB8-E815-42C4-ACF7-C8E734ADBFFA}.Debug|x64.Build.0 = Debug|Any CPU
		{591E6DB8-E815-42C4-ACF7-C8E734ADBFFA}.Debug|x86.ActiveCfg = Debug|Any CPU
		{591E6DB8-E815-42C4-ACF7-C8E734ADBFFA}.Debug|x86.Build.0 = Debug|Any CPU
		{591E6DB8-E815-42C4-ACF7-C8E734ADBFFA}.Release|Any CPU.ActiveCfg = Release|Any CPU
		{591E6DB8-E815-42C4-ACF7-C8E734ADBFFA}.Release|Any CPU.Build.0 = Release|Any CPU
		{591E6DB8-E815-42C4-ACF7-C8E734ADBFFA}.Release|x64.ActiveCfg = Release|Any CPU
		{591E6DB8-E815-42C4-ACF7-C8E734ADBFFA}.Release|x64.Build.0 = Release|Any CPU
		{591E6DB8-E815-42C4-ACF7-C8E734ADBFFA}.Release|x86.ActiveCfg = Release|Any CPU
		{591E6DB8-E815-42C4-ACF7-C8E734ADBFFA}.Release|x86.Build.0 = Release|Any CPU
	EndGlobalSection
	GlobalSection(SolutionProperties) = preSolution
		HideSolutionNode = FALSE
	EndGlobalSection
	GlobalSection(ExtensibilityGlobals) = postSolution
		SolutionGuid = {B06A94C5-6BE1-467B-8D0C-B618D001C8B8}
	EndGlobalSection
EndGlobal
